
Microsoft Visual Studio Solution File, Format Version 12.00
# Visual Studio 15
VisualStudioVersion = 15.0.27428.2043
MinimumVisualStudioVersion = 10.0.40219.1
Project("{FAE04EC0-301F-11D3-BF4B-00C04F79EFBC}") = "MagCore.Model", "MagCore.Model\MagCore.Model.csproj", "{AAFBFF15-560A-4455-9BC2-0BCF0D7BC031}"
EndProject
Project("{FAE04EC0-301F-11D3-BF4B-00C04F79EFBC}") = "MagCore.Server", "MagCore.Server\MagCore.Server.csproj", "{ED3D4A7D-FABF-4C6C-ACC6-0D80367D3006}"
EndProject
Project("{FAE04EC0-301F-11D3-BF4B-00C04F79EFBC}") = "MagCore.Core", "MagCore.Core\MagCore.Core.csproj", "{A93D6D2F-CCC6-4CE8-8937-1A0DFF87A82F}"
EndProject
Global
	GlobalSection(SolutionConfigurationPlatforms) = preSolution
		Debug|Any CPU = Debug|Any CPU
		Release|Any CPU = Release|Any CPU
	EndGlobalSection
	GlobalSection(ProjectConfigurationPlatforms) = postSolution
		{AAFBFF15-560A-4455-9BC2-0BCF0D7BC031}.Debug|Any CPU.ActiveCfg = Debug|Any CPU
		{AAFBFF15-560A-4455-9BC2-0BCF0D7BC031}.Debug|Any CPU.Build.0 = Debug|Any CPU
		{AAFBFF15-560A-4455-9BC2-0BCF0D7BC031}.Release|Any CPU.ActiveCfg = Release|Any CPU
		{AAFBFF15-560A-4455-9BC2-0BCF0D7BC031}.Release|Any CPU.Build.0 = Release|Any CPU
		{ED3D4A7D-FABF-4C6C-ACC6-0D80367D3006}.Debug|Any CPU.ActiveCfg = Debug|Any CPU
		{ED3D4A7D-FABF-4C6C-ACC6-0D80367D3006}.Debug|Any CPU.Build.0 = Debug|Any CPU
		{ED3D4A7D-FABF-4C6C-ACC6-0D80367D3006}.Release|Any CPU.ActiveCfg = Release|Any CPU
		{ED3D4A7D-FABF-4C6C-ACC6-0D80367D3006}.Release|Any CPU.Build.0 = Release|Any CPU
		{A93D6D2F-CCC6-4CE8-8937-1A0DFF87A82F}.Debug|Any CPU.ActiveCfg = Debug|Any CPU
		{A93D6D2F-CCC6-4CE8-8937-1A0DFF87A82F}.Debug|Any CPU.Build.0 = Debug|Any CPU
		{A93D6D2F-CCC6-4CE8-8937-1A0DFF87A82F}.Release|Any CPU.ActiveCfg = Release|Any CPU
		{A93D6D2F-CCC6-4CE8-8937-1A0DFF87A82F}.Release|Any CPU.Build.0 = Release|Any CPU
	EndGlobalSection
	GlobalSection(SolutionProperties) = preSolution
		HideSolutionNode = FALSE
	EndGlobalSection
	GlobalSection(ExtensibilityGlobals) = postSolution
		SolutionGuid = {2524F03E-F4BC-4CA3-8637-C8A2E2E83E2E}
	EndGlobalSection
EndGlobal
