
Microsoft Visual Studio Solution File, Format Version 12.00
# Visual Studio 15
VisualStudioVersion = 15.0.27703.2035
MinimumVisualStudioVersion = 10.0.40219.1
Project("{FAE04EC0-301F-11D3-BF4B-00C04F79EFBC}") = "MagCore.Monitor", "MagCore.Monitor\MagCore.Monitor.csproj", "{EEA7168D-FFD0-4AC3-83C8-78CF26AD6AB3}"
EndProject
Global
	GlobalSection(SolutionConfigurationPlatforms) = preSolution
		Debug|Any CPU = Debug|Any CPU
		Release|Any CPU = Release|Any CPU
	EndGlobalSection
	GlobalSection(ProjectConfigurationPlatforms) = postSolution
		{EEA7168D-FFD0-4AC3-83C8-78CF26AD6AB3}.Debug|Any CPU.ActiveCfg = Debug|Any CPU
		{EEA7168D-FFD0-4AC3-83C8-78CF26AD6AB3}.Debug|Any CPU.Build.0 = Debug|Any CPU
		{EEA7168D-FFD0-4AC3-83C8-78CF26AD6AB3}.Release|Any CPU.ActiveCfg = Release|Any CPU
		{EEA7168D-FFD0-4AC3-83C8-78CF26AD6AB3}.Release|Any CPU.Build.0 = Release|Any CPU
	EndGlobalSection
	GlobalSection(SolutionProperties) = preSolution
		HideSolutionNode = FALSE
	EndGlobalSection
	GlobalSection(ExtensibilityGlobals) = postSolution
		SolutionGuid = {3947A22A-A025-4264-8277-B6A9415799BE}
	EndGlobalSection
EndGlobal
